// !$*UTF8*$!
{
	archiveVersion = 1;
	classes = {
	};
	objectVersion = 56;
	objects = {

/* Begin PBXBuildFile section */
		E90CB1422ACF296700A01FBA /* ToDoSwiftUIApp.swift in Sources */ = {isa = PBXBuildFile; fileRef = E90CB1412ACF296700A01FBA /* ToDoSwiftUIApp.swift */; };
		E90CB1442ACF296700A01FBA /* HomeView.swift in Sources */ = {isa = PBXBuildFile; fileRef = E90CB1432ACF296700A01FBA /* HomeView.swift */; };
		E90CB1462ACF296900A01FBA /* Assets.xcassets in Resources */ = {isa = PBXBuildFile; fileRef = E90CB1452ACF296900A01FBA /* Assets.xcassets */; };
		E90CB1492ACF296900A01FBA /* Preview Assets.xcassets in Resources */ = {isa = PBXBuildFile; fileRef = E90CB1482ACF296900A01FBA /* Preview Assets.xcassets */; };
		E90CB1532ACF296900A01FBA /* ToDoSwiftUITests.swift in Sources */ = {isa = PBXBuildFile; fileRef = E90CB1522ACF296900A01FBA /* ToDoSwiftUITests.swift */; };
		E90CB15D2ACF296900A01FBA /* ToDoSwiftUIUITests.swift in Sources */ = {isa = PBXBuildFile; fileRef = E90CB15C2ACF296900A01FBA /* ToDoSwiftUIUITests.swift */; };
		E90CB15F2ACF296900A01FBA /* ToDoSwiftUIUITestsLaunchTests.swift in Sources */ = {isa = PBXBuildFile; fileRef = E90CB15E2ACF296900A01FBA /* ToDoSwiftUIUITestsLaunchTests.swift */; };
		E90CB1732ACF2F8D00A01FBA /* Color.swift in Sources */ = {isa = PBXBuildFile; fileRef = E90CB1722ACF2F8D00A01FBA /* Color.swift */; };
		E90CB1772ACF308600A01FBA /* HomeViewModel.swift in Sources */ = {isa = PBXBuildFile; fileRef = E90CB1762ACF308600A01FBA /* HomeViewModel.swift */; };
		E90CB1792ACF33B300A01FBA /* TaskRow.swift in Sources */ = {isa = PBXBuildFile; fileRef = E90CB1782ACF33B300A01FBA /* TaskRow.swift */; };
		E90CB17B2ACF370E00A01FBA /* CoreDataManager.swift in Sources */ = {isa = PBXBuildFile; fileRef = E90CB17A2ACF370E00A01FBA /* CoreDataManager.swift */; };
		E90CB17F2ACF377C00A01FBA /* TasksContainer.xcdatamodeld in Sources */ = {isa = PBXBuildFile; fileRef = E90CB17D2ACF377C00A01FBA /* TasksContainer.xcdatamodeld */; };
		E90CB1832ACF3EEC00A01FBA /* EditView.swift in Sources */ = {isa = PBXBuildFile; fileRef = E90CB1822ACF3EEC00A01FBA /* EditView.swift */; };
		E90CB1862ACF3F0100A01FBA /* EditType.swift in Sources */ = {isa = PBXBuildFile; fileRef = E90CB1852ACF3F0100A01FBA /* EditType.swift */; };
		E90CB1882ACF4ED100A01FBA /* TaskDetailView.swift in Sources */ = {isa = PBXBuildFile; fileRef = E90CB1872ACF4ED100A01FBA /* TaskDetailView.swift */; };
/* End PBXBuildFile section */

/* Begin PBXContainerItemProxy section */
		E90CB14F2ACF296900A01FBA /* PBXContainerItemProxy */ = {
			isa = PBXContainerItemProxy;
			containerPortal = E90CB1362ACF296700A01FBA /* Project object */;
			proxyType = 1;
			remoteGlobalIDString = E90CB13D2ACF296700A01FBA;
			remoteInfo = ToDoSwiftUI;
		};
		E90CB1592ACF296900A01FBA /* PBXContainerItemProxy */ = {
			isa = PBXContainerItemProxy;
			containerPortal = E90CB1362ACF296700A01FBA /* Project object */;
			proxyType = 1;
			remoteGlobalIDString = E90CB13D2ACF296700A01FBA;
			remoteInfo = ToDoSwiftUI;
		};
/* End PBXContainerItemProxy section */

/* Begin PBXFileReference section */
		E90CB13E2ACF296700A01FBA /* ToDoSwiftUI.app */ = {isa = PBXFileReference; explicitFileType = wrapper.application; includeInIndex = 0; path = ToDoSwiftUI.app; sourceTree = BUILT_PRODUCTS_DIR; };
		E90CB1412ACF296700A01FBA /* ToDoSwiftUIApp.swift */ = {isa = PBXFileReference; lastKnownFileType = sourcecode.swift; path = ToDoSwiftUIApp.swift; sourceTree = "<group>"; };
		E90CB1432ACF296700A01FBA /* HomeView.swift */ = {isa = PBXFileReference; lastKnownFileType = sourcecode.swift; path = HomeView.swift; sourceTree = "<group>"; };
		E90CB1452ACF296900A01FBA /* Assets.xcassets */ = {isa = PBXFileReference; lastKnownFileType = folder.assetcatalog; path = Assets.xcassets; sourceTree = "<group>"; };
		E90CB1482ACF296900A01FBA /* Preview Assets.xcassets */ = {isa = PBXFileReference; lastKnownFileType = folder.assetcatalog; path = "Preview Assets.xcassets"; sourceTree = "<group>"; };
		E90CB14E2ACF296900A01FBA /* ToDoSwiftUITests.xctest */ = {isa = PBXFileReference; explicitFileType = wrapper.cfbundle; includeInIndex = 0; path = ToDoSwiftUITests.xctest; sourceTree = BUILT_PRODUCTS_DIR; };
		E90CB1522ACF296900A01FBA /* ToDoSwiftUITests.swift */ = {isa = PBXFileReference; lastKnownFileType = sourcecode.swift; path = ToDoSwiftUITests.swift; sourceTree = "<group>"; };
		E90CB1582ACF296900A01FBA /* ToDoSwiftUIUITests.xctest */ = {isa = PBXFileReference; explicitFileType = wrapper.cfbundle; includeInIndex = 0; path = ToDoSwiftUIUITests.xctest; sourceTree = BUILT_PRODUCTS_DIR; };
		E90CB15C2ACF296900A01FBA /* ToDoSwiftUIUITests.swift */ = {isa = PBXFileReference; lastKnownFileType = sourcecode.swift; path = ToDoSwiftUIUITests.swift; sourceTree = "<group>"; };
		E90CB15E2ACF296900A01FBA /* ToDoSwiftUIUITestsLaunchTests.swift */ = {isa = PBXFileReference; lastKnownFileType = sourcecode.swift; path = ToDoSwiftUIUITestsLaunchTests.swift; sourceTree = "<group>"; };
		E90CB1722ACF2F8D00A01FBA /* Color.swift */ = {isa = PBXFileReference; lastKnownFileType = sourcecode.swift; path = Color.swift; sourceTree = "<group>"; };
		E90CB1762ACF308600A01FBA /* HomeViewModel.swift */ = {isa = PBXFileReference; lastKnownFileType = sourcecode.swift; path = HomeViewModel.swift; sourceTree = "<group>"; };
		E90CB1782ACF33B300A01FBA /* TaskRow.swift */ = {isa = PBXFileReference; lastKnownFileType = sourcecode.swift; path = TaskRow.swift; sourceTree = "<group>"; };
		E90CB17A2ACF370E00A01FBA /* CoreDataManager.swift */ = {isa = PBXFileReference; lastKnownFileType = sourcecode.swift; path = CoreDataManager.swift; sourceTree = "<group>"; };
		E90CB17E2ACF377C00A01FBA /* TasksContainer.xcdatamodel */ = {isa = PBXFileReference; lastKnownFileType = wrapper.xcdatamodel; path = TasksContainer.xcdatamodel; sourceTree = "<group>"; };
		E90CB1822ACF3EEC00A01FBA /* EditView.swift */ = {isa = PBXFileReference; lastKnownFileType = sourcecode.swift; path = EditView.swift; sourceTree = "<group>"; };
		E90CB1852ACF3F0100A01FBA /* EditType.swift */ = {isa = PBXFileReference; lastKnownFileType = sourcecode.swift; path = EditType.swift; sourceTree = "<group>"; };
		E90CB1872ACF4ED100A01FBA /* TaskDetailView.swift */ = {isa = PBXFileReference; lastKnownFileType = sourcecode.swift; path = TaskDetailView.swift; sourceTree = "<group>"; };
/* End PBXFileReference section */

/* Begin PBXFrameworksBuildPhase section */
		E90CB13B2ACF296700A01FBA /* Frameworks */ = {
			isa = PBXFrameworksBuildPhase;
			buildActionMask = 2147483647;
			files = (
			);
			runOnlyForDeploymentPostprocessing = 0;
		};
		E90CB14B2ACF296900A01FBA /* Frameworks */ = {
			isa = PBXFrameworksBuildPhase;
			buildActionMask = 2147483647;
			files = (
			);
			runOnlyForDeploymentPostprocessing = 0;
		};
		E90CB1552ACF296900A01FBA /* Frameworks */ = {
			isa = PBXFrameworksBuildPhase;
			buildActionMask = 2147483647;
			files = (
			);
			runOnlyForDeploymentPostprocessing = 0;
		};
/* End PBXFrameworksBuildPhase section */

/* Begin PBXGroup section */
		E90CB1352ACF296700A01FBA = {
			isa = PBXGroup;
			children = (
				E90CB1402ACF296700A01FBA /* ToDoSwiftUI */,
				E90CB1512ACF296900A01FBA /* ToDoSwiftUITests */,
				E90CB15B2ACF296900A01FBA /* ToDoSwiftUIUITests */,
				E90CB13F2ACF296700A01FBA /* Products */,
			);
			sourceTree = "<group>";
		};
		E90CB13F2ACF296700A01FBA /* Products */ = {
			isa = PBXGroup;
			children = (
				E90CB13E2ACF296700A01FBA /* ToDoSwiftUI.app */,
				E90CB14E2ACF296900A01FBA /* ToDoSwiftUITests.xctest */,
				E90CB1582ACF296900A01FBA /* ToDoSwiftUIUITests.xctest */,
			);
			name = Products;
			sourceTree = "<group>";
		};
		E90CB1402ACF296700A01FBA /* ToDoSwiftUI */ = {
			isa = PBXGroup;
			children = (
				E90CB1412ACF296700A01FBA /* ToDoSwiftUIApp.swift */,
				E90CB16B2ACF2F0A00A01FBA /* Managers */,
				E90CB17C2ACF376300A01FBA /* Models */,
				E90CB16C2ACF2F1600A01FBA /* Core */,
				E90CB1702ACF2F6F00A01FBA /* Utilities */,
				E90CB1452ACF296900A01FBA /* Assets.xcassets */,
				E90CB1472ACF296900A01FBA /* Preview Content */,
			);
			path = ToDoSwiftUI;
			sourceTree = "<group>";
		};
		E90CB1472ACF296900A01FBA /* Preview Content */ = {
			isa = PBXGroup;
			children = (
				E90CB1482ACF296900A01FBA /* Preview Assets.xcassets */,
			);
			path = "Preview Content";
			sourceTree = "<group>";
		};
		E90CB1512ACF296900A01FBA /* ToDoSwiftUITests */ = {
			isa = PBXGroup;
			children = (
				E90CB1522ACF296900A01FBA /* ToDoSwiftUITests.swift */,
			);
			path = ToDoSwiftUITests;
			sourceTree = "<group>";
		};
		E90CB15B2ACF296900A01FBA /* ToDoSwiftUIUITests */ = {
			isa = PBXGroup;
			children = (
				E90CB15C2ACF296900A01FBA /* ToDoSwiftUIUITests.swift */,
				E90CB15E2ACF296900A01FBA /* ToDoSwiftUIUITestsLaunchTests.swift */,
			);
			path = ToDoSwiftUIUITests;
			sourceTree = "<group>";
		};
		E90CB16B2ACF2F0A00A01FBA /* Managers */ = {
			isa = PBXGroup;
			children = (
				E90CB17A2ACF370E00A01FBA /* CoreDataManager.swift */,
			);
			path = Managers;
			sourceTree = "<group>";
		};
		E90CB16C2ACF2F1600A01FBA /* Core */ = {
			isa = PBXGroup;
			children = (
				E90CB16D2ACF2F2000A01FBA /* Components */,
				E90CB16F2ACF2F2C00A01FBA /* Details */,
				E90CB16E2ACF2F2700A01FBA /* Home */,
			);
			path = Core;
			sourceTree = "<group>";
		};
		E90CB16D2ACF2F2000A01FBA /* Components */ = {
			isa = PBXGroup;
			children = (
				E90CB1782ACF33B300A01FBA /* TaskRow.swift */,
			);
			path = Components;
			sourceTree = "<group>";
		};
		E90CB16E2ACF2F2700A01FBA /* Home */ = {
			isa = PBXGroup;
			children = (
				E90CB1752ACF307100A01FBA /* ViewModel */,
				E90CB1742ACF306900A01FBA /* Views */,
			);
			path = Home;
			sourceTree = "<group>";
		};
		E90CB16F2ACF2F2C00A01FBA /* Details */ = {
			isa = PBXGroup;
			children = (
				E90CB1822ACF3EEC00A01FBA /* EditView.swift */,
				E90CB1872ACF4ED100A01FBA /* TaskDetailView.swift */,
			);
			path = Details;
			sourceTree = "<group>";
		};
		E90CB1702ACF2F6F00A01FBA /* Utilities */ = {
			isa = PBXGroup;
			children = (
				E90CB1842ACF3EF300A01FBA /* Enums */,
				E90CB1712ACF2F8200A01FBA /* Extensions */,
			);
			path = Utilities;
			sourceTree = "<group>";
		};
		E90CB1712ACF2F8200A01FBA /* Extensions */ = {
			isa = PBXGroup;
			children = (
				E90CB1722ACF2F8D00A01FBA /* Color.swift */,
			);
			path = Extensions;
			sourceTree = "<group>";
		};
		E90CB1742ACF306900A01FBA /* Views */ = {
			isa = PBXGroup;
			children = (
				E90CB1432ACF296700A01FBA /* HomeView.swift */,
			);
			path = Views;
			sourceTree = "<group>";
		};
		E90CB1752ACF307100A01FBA /* ViewModel */ = {
			isa = PBXGroup;
			children = (
				E90CB1762ACF308600A01FBA /* HomeViewModel.swift */,
			);
			path = ViewModel;
			sourceTree = "<group>";
		};
		E90CB17C2ACF376300A01FBA /* Models */ = {
			isa = PBXGroup;
			children = (
				E90CB17D2ACF377C00A01FBA /* TasksContainer.xcdatamodeld */,
			);
			path = Models;
			sourceTree = "<group>";
		};
		E90CB1842ACF3EF300A01FBA /* Enums */ = {
			isa = PBXGroup;
			children = (
				E90CB1852ACF3F0100A01FBA /* EditType.swift */,
			);
			path = Enums;
			sourceTree = "<group>";
		};
/* End PBXGroup section */

/* Begin PBXNativeTarget section */
		E90CB13D2ACF296700A01FBA /* ToDoSwiftUI */ = {
			isa = PBXNativeTarget;
			buildConfigurationList = E90CB1622ACF296900A01FBA /* Build configuration list for PBXNativeTarget "ToDoSwiftUI" */;
			buildPhases = (
				E90CB13A2ACF296700A01FBA /* Sources */,
				E90CB13B2ACF296700A01FBA /* Frameworks */,
				E90CB13C2ACF296700A01FBA /* Resources */,
			);
			buildRules = (
			);
			dependencies = (
			);
			name = ToDoSwiftUI;
			productName = ToDoSwiftUI;
			productReference = E90CB13E2ACF296700A01FBA /* ToDoSwiftUI.app */;
			productType = "com.apple.product-type.application";
		};
		E90CB14D2ACF296900A01FBA /* ToDoSwiftUITests */ = {
			isa = PBXNativeTarget;
			buildConfigurationList = E90CB1652ACF296900A01FBA /* Build configuration list for PBXNativeTarget "ToDoSwiftUITests" */;
			buildPhases = (
				E90CB14A2ACF296900A01FBA /* Sources */,
				E90CB14B2ACF296900A01FBA /* Frameworks */,
				E90CB14C2ACF296900A01FBA /* Resources */,
			);
			buildRules = (
			);
			dependencies = (
				E90CB1502ACF296900A01FBA /* PBXTargetDependency */,
			);
			name = ToDoSwiftUITests;
			productName = ToDoSwiftUITests;
			productReference = E90CB14E2ACF296900A01FBA /* ToDoSwiftUITests.xctest */;
			productType = "com.apple.product-type.bundle.unit-test";
		};
		E90CB1572ACF296900A01FBA /* ToDoSwiftUIUITests */ = {
			isa = PBXNativeTarget;
			buildConfigurationList = E90CB1682ACF296900A01FBA /* Build configuration list for PBXNativeTarget "ToDoSwiftUIUITests" */;
			buildPhases = (
				E90CB1542ACF296900A01FBA /* Sources */,
				E90CB1552ACF296900A01FBA /* Frameworks */,
				E90CB1562ACF296900A01FBA /* Resources */,
			);
			buildRules = (
			);
			dependencies = (
				E90CB15A2ACF296900A01FBA /* PBXTargetDependency */,
			);
			name = ToDoSwiftUIUITests;
			productName = ToDoSwiftUIUITests;
			productReference = E90CB1582ACF296900A01FBA /* ToDoSwiftUIUITests.xctest */;
			productType = "com.apple.product-type.bundle.ui-testing";
		};
/* End PBXNativeTarget section */

/* Begin PBXProject section */
		E90CB1362ACF296700A01FBA /* Project object */ = {
			isa = PBXProject;
			attributes = {
				BuildIndependentTargetsInParallel = 1;
				LastSwiftUpdateCheck = 1430;
				LastUpgradeCheck = 1430;
				TargetAttributes = {
					E90CB13D2ACF296700A01FBA = {
						CreatedOnToolsVersion = 14.3;
					};
					E90CB14D2ACF296900A01FBA = {
						CreatedOnToolsVersion = 14.3;
						TestTargetID = E90CB13D2ACF296700A01FBA;
					};
					E90CB1572ACF296900A01FBA = {
						CreatedOnToolsVersion = 14.3;
						TestTargetID = E90CB13D2ACF296700A01FBA;
					};
				};
			};
			buildConfigurationList = E90CB1392ACF296700A01FBA /* Build configuration list for PBXProject "ToDoSwiftUI" */;
			compatibilityVersion = "Xcode 14.0";
			developmentRegion = en;
			hasScannedForEncodings = 0;
			knownRegions = (
				en,
				Base,
			);
			mainGroup = E90CB1352ACF296700A01FBA;
			productRefGroup = E90CB13F2ACF296700A01FBA /* Products */;
			projectDirPath = "";
			projectRoot = "";
			targets = (
				E90CB13D2ACF296700A01FBA /* ToDoSwiftUI */,
				E90CB14D2ACF296900A01FBA /* ToDoSwiftUITests */,
				E90CB1572ACF296900A01FBA /* ToDoSwiftUIUITests */,
			);
		};
/* End PBXProject section */

/* Begin PBXResourcesBuildPhase section */
		E90CB13C2ACF296700A01FBA /* Resources */ = {
			isa = PBXResourcesBuildPhase;
			buildActionMask = 2147483647;
			files = (
				E90CB1492ACF296900A01FBA /* Preview Assets.xcassets in Resources */,
				E90CB1462ACF296900A01FBA /* Assets.xcassets in Resources */,
			);
			runOnlyForDeploymentPostprocessing = 0;
		};
		E90CB14C2ACF296900A01FBA /* Resources */ = {
			isa = PBXResourcesBuildPhase;
			buildActionMask = 2147483647;
			files = (
			);
			runOnlyForDeploymentPostprocessing = 0;
		};
		E90CB1562ACF296900A01FBA /* Resources */ = {
			isa = PBXResourcesBuildPhase;
			buildActionMask = 2147483647;
			files = (
			);
			runOnlyForDeploymentPostprocessing = 0;
		};
/* End PBXResourcesBuildPhase section */

/* Begin PBXSourcesBuildPhase section */
		E90CB13A2ACF296700A01FBA /* Sources */ = {
			isa = PBXSourcesBuildPhase;
			buildActionMask = 2147483647;
			files = (
				E90CB17B2ACF370E00A01FBA /* CoreDataManager.swift in Sources */,
				E90CB1792ACF33B300A01FBA /* TaskRow.swift in Sources */,
				E90CB17F2ACF377C00A01FBA /* TasksContainer.xcdatamodeld in Sources */,
				E90CB1882ACF4ED100A01FBA /* TaskDetailView.swift in Sources */,
				E90CB1442ACF296700A01FBA /* HomeView.swift in Sources */,
				E90CB1422ACF296700A01FBA /* ToDoSwiftUIApp.swift in Sources */,
				E90CB1862ACF3F0100A01FBA /* EditType.swift in Sources */,
				E90CB1832ACF3EEC00A01FBA /* EditView.swift in Sources */,
				E90CB1732ACF2F8D00A01FBA /* Color.swift in Sources */,
				E90CB1772ACF308600A01FBA /* HomeViewModel.swift in Sources */,
			);
			runOnlyForDeploymentPostprocessing = 0;
		};
		E90CB14A2ACF296900A01FBA /* Sources */ = {
			isa = PBXSourcesBuildPhase;
			buildActionMask = 2147483647;
			files = (
				E90CB1532ACF296900A01FBA /* ToDoSwiftUITests.swift in Sources */,
			);
			runOnlyForDeploymentPostprocessing = 0;
		};
		E90CB1542ACF296900A01FBA /* Sources */ = {
			isa = PBXSourcesBuildPhase;
			buildActionMask = 2147483647;
			files = (
				E90CB15F2ACF296900A01FBA /* ToDoSwiftUIUITestsLaunchTests.swift in Sources */,
				E90CB15D2ACF296900A01FBA /* ToDoSwiftUIUITests.swift in Sources */,
			);
			runOnlyForDeploymentPostprocessing = 0;
		};
/* End PBXSourcesBuildPhase section */

/* Begin PBXTargetDependency section */
		E90CB1502ACF296900A01FBA /* PBXTargetDependency */ = {
			isa = PBXTargetDependency;
			target = E90CB13D2ACF296700A01FBA /* ToDoSwiftUI */;
			targetProxy = E90CB14F2ACF296900A01FBA /* PBXContainerItemProxy */;
		};
		E90CB15A2ACF296900A01FBA /* PBXTargetDependency */ = {
			isa = PBXTargetDependency;
			target = E90CB13D2ACF296700A01FBA /* ToDoSwiftUI */;
			targetProxy = E90CB1592ACF296900A01FBA /* PBXContainerItemProxy */;
		};
/* End PBXTargetDependency section */

/* Begin XCBuildConfiguration section */
		E90CB1602ACF296900A01FBA /* Debug */ = {
			isa = XCBuildConfiguration;
			buildSettings = {
				ALWAYS_SEARCH_USER_PATHS = NO;
				CLANG_ANALYZER_NONNULL = YES;
				CLANG_ANALYZER_NUMBER_OBJECT_CONVERSION = YES_AGGRESSIVE;
				CLANG_CXX_LANGUAGE_STANDARD = "gnu++20";
				CLANG_ENABLE_MODULES = YES;
				CLANG_ENABLE_OBJC_ARC = YES;
				CLANG_ENABLE_OBJC_WEAK = YES;
				CLANG_WARN_BLOCK_CAPTURE_AUTORELEASING = YES;
				CLANG_WARN_BOOL_CONVERSION = YES;
				CLANG_WARN_COMMA = YES;
				CLANG_WARN_CONSTANT_CONVERSION = YES;
				CLANG_WARN_DEPRECATED_OBJC_IMPLEMENTATIONS = YES;
				CLANG_WARN_DIRECT_OBJC_ISA_USAGE = YES_ERROR;
				CLANG_WARN_DOCUMENTATION_COMMENTS = YES;
				CLANG_WARN_EMPTY_BODY = YES;
				CLANG_WARN_ENUM_CONVERSION = YES;
				CLANG_WARN_INFINITE_RECURSION = YES;
				CLANG_WARN_INT_CONVERSION = YES;
				CLANG_WARN_NON_LITERAL_NULL_CONVERSION = YES;
				CLANG_WARN_OBJC_IMPLICIT_RETAIN_SELF = YES;
				CLANG_WARN_OBJC_LITERAL_CONVERSION = YES;
				CLANG_WARN_OBJC_ROOT_CLASS = YES_ERROR;
				CLANG_WARN_QUOTED_INCLUDE_IN_FRAMEWORK_HEADER = YES;
				CLANG_WARN_RANGE_LOOP_ANALYSIS = YES;
				CLANG_WARN_STRICT_PROTOTYPES = YES;
				CLANG_WARN_SUSPICIOUS_MOVE = YES;
				CLANG_WARN_UNGUARDED_AVAILABILITY = YES_AGGRESSIVE;
				CLANG_WARN_UNREACHABLE_CODE = YES;
				CLANG_WARN__DUPLICATE_METHOD_MATCH = YES;
				COPY_PHASE_STRIP = NO;
				DEBUG_INFORMATION_FORMAT = dwarf;
				ENABLE_STRICT_OBJC_MSGSEND = YES;
				ENABLE_TESTABILITY = YES;
				GCC_C_LANGUAGE_STANDARD = gnu11;
				GCC_DYNAMIC_NO_PIC = NO;
				GCC_NO_COMMON_BLOCKS = YES;
				GCC_OPTIMIZATION_LEVEL = 0;
				GCC_PREPROCESSOR_DEFINITIONS = (
					"DEBUG=1",
					"$(inherited)",
				);
				GCC_WARN_64_TO_32_BIT_CONVERSION = YES;
				GCC_WARN_ABOUT_RETURN_TYPE = YES_ERROR;
				GCC_WARN_UNDECLARED_SELECTOR = YES;
				GCC_WARN_UNINITIALIZED_AUTOS = YES_AGGRESSIVE;
				GCC_WARN_UNUSED_FUNCTION = YES;
				GCC_WARN_UNUSED_VARIABLE = YES;
				IPHONEOS_DEPLOYMENT_TARGET = 16.4;
				MTL_ENABLE_DEBUG_INFO = INCLUDE_SOURCE;
				MTL_FAST_MATH = YES;
				ONLY_ACTIVE_ARCH = YES;
				SDKROOT = iphoneos;
				SWIFT_ACTIVE_COMPILATION_CONDITIONS = DEBUG;
				SWIFT_OPTIMIZATION_LEVEL = "-Onone";
			};
			name = Debug;
		};
		E90CB1612ACF296900A01FBA /* Release */ = {
			isa = XCBuildConfiguration;
			buildSettings = {
				ALWAYS_SEARCH_USER_PATHS = NO;
				CLANG_ANALYZER_NONNULL = YES;
				CLANG_ANALYZER_NUMBER_OBJECT_CONVERSION = YES_AGGRESSIVE;
				CLANG_CXX_LANGUAGE_STANDARD = "gnu++20";
				CLANG_ENABLE_MODULES = YES;
				CLANG_ENABLE_OBJC_ARC = YES;
				CLANG_ENABLE_OBJC_WEAK = YES;
				CLANG_WARN_BLOCK_CAPTURE_AUTORELEASING = YES;
				CLANG_WARN_BOOL_CONVERSION = YES;
				CLANG_WARN_COMMA = YES;
				CLANG_WARN_CONSTANT_CONVERSION = YES;
				CLANG_WARN_DEPRECATED_OBJC_IMPLEMENTATIONS = YES;
				CLANG_WARN_DIRECT_OBJC_ISA_USAGE = YES_ERROR;
				CLANG_WARN_DOCUMENTATION_COMMENTS = YES;
				CLANG_WARN_EMPTY_BODY = YES;
				CLANG_WARN_ENUM_CONVERSION = YES;
				CLANG_WARN_INFINITE_RECURSION = YES;
				CLANG_WARN_INT_CONVERSION = YES;
				CLANG_WARN_NON_LITERAL_NULL_CONVERSION = YES;
				CLANG_WARN_OBJC_IMPLICIT_RETAIN_SELF = YES;
				CLANG_WARN_OBJC_LITERAL_CONVERSION = YES;
				CLANG_WARN_OBJC_ROOT_CLASS = YES_ERROR;
				CLANG_WARN_QUOTED_INCLUDE_IN_FRAMEWORK_HEADER = YES;
				CLANG_WARN_RANGE_LOOP_ANALYSIS = YES;
				CLANG_WARN_STRICT_PROTOTYPES = YES;
				CLANG_WARN_SUSPICIOUS_MOVE = YES;
				CLANG_WARN_UNGUARDED_AVAILABILITY = YES_AGGRESSIVE;
				CLANG_WARN_UNREACHABLE_CODE = YES;
				CLANG_WARN__DUPLICATE_METHOD_MATCH = YES;
				COPY_PHASE_STRIP = NO;
				DEBUG_INFORMATION_FORMAT = "dwarf-with-dsym";
				ENABLE_NS_ASSERTIONS = NO;
				ENABLE_STRICT_OBJC_MSGSEND = YES;
				GCC_C_LANGUAGE_STANDARD = gnu11;
				GCC_NO_COMMON_BLOCKS = YES;
				GCC_WARN_64_TO_32_BIT_CONVERSION = YES;
				GCC_WARN_ABOUT_RETURN_TYPE = YES_ERROR;
				GCC_WARN_UNDECLARED_SELECTOR = YES;
				GCC_WARN_UNINITIALIZED_AUTOS = YES_AGGRESSIVE;
				GCC_WARN_UNUSED_FUNCTION = YES;
				GCC_WARN_UNUSED_VARIABLE = YES;
				IPHONEOS_DEPLOYMENT_TARGET = 16.4;
				MTL_ENABLE_DEBUG_INFO = NO;
				MTL_FAST_MATH = YES;
				SDKROOT = iphoneos;
				SWIFT_COMPILATION_MODE = wholemodule;
				SWIFT_OPTIMIZATION_LEVEL = "-O";
				VALIDATE_PRODUCT = YES;
			};
			name = Release;
		};
		E90CB1632ACF296900A01FBA /* Debug */ = {
			isa = XCBuildConfiguration;
			buildSettings = {
				ASSETCATALOG_COMPILER_APPICON_NAME = AppIcon;
				ASSETCATALOG_COMPILER_GLOBAL_ACCENT_COLOR_NAME = AccentColor;
				CODE_SIGN_STYLE = Automatic;
				CURRENT_PROJECT_VERSION = 1;
				DEVELOPMENT_ASSET_PATHS = "\"ToDoSwiftUI/Preview Content\"";
				DEVELOPMENT_TEAM = 5S88AY6J4R;
				ENABLE_PREVIEWS = YES;
				GENERATE_INFOPLIST_FILE = YES;
				INFOPLIST_KEY_CFBundleDisplayName = Tarefas;
				INFOPLIST_KEY_UIApplicationSceneManifest_Generation = YES;
				INFOPLIST_KEY_UIApplicationSupportsIndirectInputEvents = YES;
				INFOPLIST_KEY_UILaunchScreen_Generation = YES;
				INFOPLIST_KEY_UISupportedInterfaceOrientations = UIInterfaceOrientationPortrait;
				INFOPLIST_KEY_UISupportedInterfaceOrientations_iPad = "UIInterfaceOrientationLandscapeLeft UIInterfaceOrientationLandscapeRight UIInterfaceOrientationPortrait UIInterfaceOrientationPortraitUpsideDown";
				LD_RUNPATH_SEARCH_PATHS = (
					"$(inherited)",
					"@executable_path/Frameworks",
				);
				MARKETING_VERSION = 1.0;
				PRODUCT_BUNDLE_IDENTIFIER = br.ufpe.cin.academy.tmc4.ToDoSwiftUI;
				PRODUCT_NAME = "$(TARGET_NAME)";
				SWIFT_EMIT_LOC_STRINGS = YES;
				SWIFT_VERSION = 5.0;
				TARGETED_DEVICE_FAMILY = "1,2";
			};
			name = Debug;
		};
		E90CB1642ACF296900A01FBA /* Release */ = {
			isa = XCBuildConfiguration;
			buildSettings = {
				ASSETCATALOG_COMPILER_APPICON_NAME = AppIcon;
				ASSETCATALOG_COMPILER_GLOBAL_ACCENT_COLOR_NAME = AccentColor;
				CODE_SIGN_STYLE = Automatic;
				CURRENT_PROJECT_VERSION = 1;
				DEVELOPMENT_ASSET_PATHS = "\"ToDoSwiftUI/Preview Content\"";
				DEVELOPMENT_TEAM = 5S88AY6J4R;
				ENABLE_PREVIEWS = YES;
				GENERATE_INFOPLIST_FILE = YES;
				INFOPLIST_KEY_CFBundleDisplayName = Tarefas;
				INFOPLIST_KEY_UIApplicationSceneManifest_Generation = YES;
				INFOPLIST_KEY_UIApplicationSupportsIndirectInputEvents = YES;
				INFOPLIST_KEY_UILaunchScreen_Generation = YES;
				INFOPLIST_KEY_UISupportedInterfaceOrientations = UIInterfaceOrientationPortrait;
				INFOPLIST_KEY_UISupportedInterfaceOrientations_iPad = "UIInterfaceOrientationLandscapeLeft UIInterfaceOrientationLandscapeRight UIInterfaceOrientationPortrait UIInterfaceOrientationPortraitUpsideDown";
				LD_RUNPATH_SEARCH_PATHS = (
					"$(inherited)",
					"@executable_path/Frameworks",
				);
				MARKETING_VERSION = 1.0;
				PRODUCT_BUNDLE_IDENTIFIER = br.ufpe.cin.academy.tmc4.ToDoSwiftUI;
				PRODUCT_NAME = "$(TARGET_NAME)";
				SWIFT_EMIT_LOC_STRINGS = YES;
				SWIFT_VERSION = 5.0;
				TARGETED_DEVICE_FAMILY = "1,2";
			};
			name = Release;
		};
		E90CB1662ACF296900A01FBA /* Debug */ = {
			isa = XCBuildConfiguration;
			buildSettings = {
				ALWAYS_EMBED_SWIFT_STANDARD_LIBRARIES = YES;
				BUNDLE_LOADER = "$(TEST_HOST)";
				CODE_SIGN_STYLE = Automatic;
				CURRENT_PROJECT_VERSION = 1;
				DEVELOPMENT_TEAM = 5S88AY6J4R;
				GENERATE_INFOPLIST_FILE = YES;
				IPHONEOS_DEPLOYMENT_TARGET = 16.4;
				MARKETING_VERSION = 1.0;
				PRODUCT_BUNDLE_IDENTIFIER = br.ufpe.cin.academy.tmc4.ToDoSwiftUITests;
				PRODUCT_NAME = "$(TARGET_NAME)";
				SWIFT_EMIT_LOC_STRINGS = NO;
				SWIFT_VERSION = 5.0;
				TARGETED_DEVICE_FAMILY = "1,2";
				TEST_HOST = "$(BUILT_PRODUCTS_DIR)/ToDoSwiftUI.app/$(BUNDLE_EXECUTABLE_FOLDER_PATH)/ToDoSwiftUI";
			};
			name = Debug;
		};
		E90CB1672ACF296900A01FBA /* Release */ = {
			isa = XCBuildConfiguration;
			buildSettings = {
				ALWAYS_EMBED_SWIFT_STANDARD_LIBRARIES = YES;
				BUNDLE_LOADER = "$(TEST_HOST)";
				CODE_SIGN_STYLE = Automatic;
				CURRENT_PROJECT_VERSION = 1;
				DEVELOPMENT_TEAM = 5S88AY6J4R;
				GENERATE_INFOPLIST_FILE = YES;
				IPHONEOS_DEPLOYMENT_TARGET = 16.4;
				MARKETING_VERSION = 1.0;
				PRODUCT_BUNDLE_IDENTIFIER = br.ufpe.cin.academy.tmc4.ToDoSwiftUITests;
				PRODUCT_NAME = "$(TARGET_NAME)";
				SWIFT_EMIT_LOC_STRINGS = NO;
				SWIFT_VERSION = 5.0;
				TARGETED_DEVICE_FAMILY = "1,2";
				TEST_HOST = "$(BUILT_PRODUCTS_DIR)/ToDoSwiftUI.app/$(BUNDLE_EXECUTABLE_FOLDER_PATH)/ToDoSwiftUI";
			};
			name = Release;
		};
		E90CB1692ACF296900A01FBA /* Debug */ = {
			isa = XCBuildConfiguration;
			buildSettings = {
				ALWAYS_EMBED_SWIFT_STANDARD_LIBRARIES = YES;
				CODE_SIGN_STYLE = Automatic;
				CURRENT_PROJECT_VERSION = 1;
				DEVELOPMENT_TEAM = 5S88AY6J4R;
				GENERATE_INFOPLIST_FILE = YES;
				MARKETING_VERSION = 1.0;
				PRODUCT_BUNDLE_IDENTIFIER = br.ufpe.cin.academy.tmc4.ToDoSwiftUIUITests;
				PRODUCT_NAME = "$(TARGET_NAME)";
				SWIFT_EMIT_LOC_STRINGS = NO;
				SWIFT_VERSION = 5.0;
				TARGETED_DEVICE_FAMILY = "1,2";
				TEST_TARGET_NAME = ToDoSwiftUI;
			};
			name = Debug;
		};
		E90CB16A2ACF296900A01FBA /* Release */ = {
			isa = XCBuildConfiguration;
			buildSettings = {
				ALWAYS_EMBED_SWIFT_STANDARD_LIBRARIES = YES;
				CODE_SIGN_STYLE = Automatic;
				CURRENT_PROJECT_VERSION = 1;
				DEVELOPMENT_TEAM = 5S88AY6J4R;
				GENERATE_INFOPLIST_FILE = YES;
				MARKETING_VERSION = 1.0;
				PRODUCT_BUNDLE_IDENTIFIER = br.ufpe.cin.academy.tmc4.ToDoSwiftUIUITests;
				PRODUCT_NAME = "$(TARGET_NAME)";
				SWIFT_EMIT_LOC_STRINGS = NO;
				SWIFT_VERSION = 5.0;
				TARGETED_DEVICE_FAMILY = "1,2";
				TEST_TARGET_NAME = ToDoSwiftUI;
			};
			name = Release;
		};
/* End XCBuildConfiguration section */

/* Begin XCConfigurationList section */
		E90CB1392ACF296700A01FBA /* Build configuration list for PBXProject "ToDoSwiftUI" */ = {
			isa = XCConfigurationList;
			buildConfigurations = (
				E90CB1602ACF296900A01FBA /* Debug */,
				E90CB1612ACF296900A01FBA /* Release */,
			);
			defaultConfigurationIsVisible = 0;
			defaultConfigurationName = Release;
		};
		E90CB1622ACF296900A01FBA /* Build configuration list for PBXNativeTarget "ToDoSwiftUI" */ = {
			isa = XCConfigurationList;
			buildConfigurations = (
				E90CB1632ACF296900A01FBA /* Debug */,
				E90CB1642ACF296900A01FBA /* Release */,
			);
			defaultConfigurationIsVisible = 0;
			defaultConfigurationName = Release;
		};
		E90CB1652ACF296900A01FBA /* Build configuration list for PBXNativeTarget "ToDoSwiftUITests" */ = {
			isa = XCConfigurationList;
			buildConfigurations = (
				E90CB1662ACF296900A01FBA /* Debug */,
				E90CB1672ACF296900A01FBA /* Release */,
			);
			defaultConfigurationIsVisible = 0;
			defaultConfigurationName = Release;
		};
		E90CB1682ACF296900A01FBA /* Build configuration list for PBXNativeTarget "ToDoSwiftUIUITests" */ = {
			isa = XCConfigurationList;
			buildConfigurations = (
				E90CB1692ACF296900A01FBA /* Debug */,
				E90CB16A2ACF296900A01FBA /* Release */,
			);
			defaultConfigurationIsVisible = 0;
			defaultConfigurationName = Release;
		};
/* End XCConfigurationList section */

/* Begin XCVersionGroup section */
		E90CB17D2ACF377C00A01FBA /* TasksContainer.xcdatamodeld */ = {
			isa = XCVersionGroup;
			children = (
				E90CB17E2ACF377C00A01FBA /* TasksContainer.xcdatamodel */,
			);
			currentVersion = E90CB17E2ACF377C00A01FBA /* TasksContainer.xcdatamodel */;
			path = TasksContainer.xcdatamodeld;
			sourceTree = "<group>";
			versionGroupType = wrapper.xcdatamodel;
		};
/* End XCVersionGroup section */
	};
	rootObject = E90CB1362ACF296700A01FBA /* Project object */;
}
